
Microsoft Visual Studio Solution File, Format Version 12.00
# Visual Studio Version 17
VisualStudioVersion = 17.3.32825.248
MinimumVisualStudioVersion = 10.0.40219.1
Project("{FAE04EC0-301F-11D3-BF4B-00C04F79EFBC}") = "JoinBroadcast", "Test\JoinBroadcast.csproj", "{CC255B78-225F-4FA3-AC2D-9057111F1892}"
EndProject
Global
	GlobalSection(SolutionConfigurationPlatforms) = preSolution
		Debug|Any CPU = Debug|Any CPU
		Release|Any CPU = Release|Any CPU
	EndGlobalSection
	GlobalSection(ProjectConfigurationPlatforms) = postSolution
		{CC255B78-225F-4FA3-AC2D-9057111F1892}.Debug|Any CPU.ActiveCfg = Debug|Any CPU
		{CC255B78-225F-4FA3-AC2D-9057111F1892}.Debug|Any CPU.Build.0 = Debug|Any CPU
		{CC255B78-225F-4FA3-AC2D-9057111F1892}.Release|Any CPU.ActiveCfg = Release|Any CPU
		{CC255B78-225F-4FA3-AC2D-9057111F1892}.Release|Any CPU.Build.0 = Release|Any CPU
	EndGlobalSection
	GlobalSection(SolutionProperties) = preSolution
		HideSolutionNode = FALSE
	EndGlobalSection
	GlobalSection(ExtensibilityGlobals) = postSolution
		SolutionGuid = {9C00F7AF-A945-4533-B019-3CA972E82240}
	EndGlobalSection
EndGlobal
